{
  "version": 4,
  "terraform_version": "1.11.3",
  "serial": 526,
  "lineage": "1e67215c-61fd-6712-3ef2-aab2216ee565",
  "outputs": {
    "eks_cluster_endpoint": {
      "value": "https://1C18D84BF76680D1A566E77EA4187628.gr7.us-west-2.eks.amazonaws.com",
      "type": "string"
    },
    "eks_cluster_name": {
      "value": "dev-eks-cluster",
      "type": "string"
    },
    "nodegroup_name": {
      "value": "dev-eks-cluster-managed-ng",
      "type": "string"
    },
    "public_subnet_ids": {
      "value": [
        "subnet-038527171cd4c2a2a",
        "subnet-02dca356d8095d6d1"
      ],
      "type": [
        "tuple",
        [
          "string",
          "string"
        ]
      ]
    },
    "vpc_id": {
      "value": "vpc-006773a113d5dce45",
      "type": "string"
    }
  },
  "resources": [
    {
      "mode": "data",
      "type": "aws_eks_cluster_auth",
      "name": "cluster",
      "provider": "provider[\"registry.terraform.io/hashicorp/aws\"]",
      "instances": [
        {
          "schema_version": 0,
          "attributes": {
            "id": "dev-eks-cluster",
            "name": "dev-eks-cluster",
            "token": "k8s-aws-v1.aHR0cHM6Ly9zdHMuYW1hem9uYXdzLmNvbS8_QWN0aW9uPUdldENhbGxlcklkZW50aXR5JlZlcnNpb249MjAxMS0wNi0xNSZYLUFtei1BbGdvcml0aG09QVdTNC1ITUFDLVNIQTI1NiZYLUFtei1DcmVkZW50aWFsPUFLSUEyVlkyQUpPUlVHVVc3R1NKJTJGMjAyNTA0MTYlMkZ1cy1lYXN0LTElMkZzdHMlMkZhd3M0X3JlcXVlc3QmWC1BbXotRGF0ZT0yMDI1MDQxNlQxMTM2MDhaJlgtQW16LUV4cGlyZXM9MCZYLUFtei1TaWduZWRIZWFkZXJzPWhvc3QlM0J4LWs4cy1hd3MtaWQmWC1BbXotU2lnbmF0dXJlPTFmZGE0ZjUxNzNhMTBmNGVkOWMwZjUyODJjY2IyZjA3ZDA1MTg5MThjNDZiZWEzMDBmNjI1MTI2Mzc2MjdjOGE"
          },
          "sensitive_attributes": [
            [
              {
                "type": "get_attr",
                "value": "token"
              }
            ]
          ]
        }
      ]
    },
    {
      "module": "module.eks",
      "mode": "managed",
      "type": "aws_eks_addon",
      "name": "vpc_cni",
      "provider": "provider[\"registry.terraform.io/hashicorp/aws\"]",
      "instances": [
        {
          "schema_version": 0,
          "attributes": {
            "addon_name": "vpc-cni",
            "addon_version": "v1.19.0-eksbuild.1",
            "arn": "arn:aws:eks:us-west-2:733957082019:addon/dev-eks-cluster/vpc-cni/7ecb1f27-9194-c7d6-fe86-05078eee4ada",
            "cluster_name": "dev-eks-cluster",
            "configuration_values": "",
            "created_at": "2025-04-16T11:14:56Z",
            "id": "dev-eks-cluster:vpc-cni",
            "modified_at": "2025-04-16T11:15:35Z",
            "preserve": null,
            "resolve_conflicts": null,
            "resolve_conflicts_on_create": null,
            "resolve_conflicts_on_update": null,
            "service_account_role_arn": "",
            "tags": {},
            "tags_all": {},
            "timeouts": null
          },
          "sensitive_attributes": [],
          "private": "eyJlMmJmYjczMC1lY2FhLTExZTYtOGY4OC0zNDM2M2JjN2M0YzAiOnsiY3JlYXRlIjoxMjAwMDAwMDAwMDAwLCJkZWxldGUiOjI0MDAwMDAwMDAwMDAsInVwZGF0ZSI6MTIwMDAwMDAwMDAwMH19",
          "dependencies": [
            "module.eks.aws_eks_cluster.this",
            "module.eks.aws_iam_role.eks_cluster",
            "module.eks.aws_iam_role_policy_attachment.eks_cluster_policy",
            "module.vpc.aws_subnet.public",
            "module.vpc.aws_vpc.this"
          ]
        }
      ]
    },
    {
      "module": "module.eks",
      "mode": "managed",
      "type": "aws_eks_cluster",
      "name": "this",
      "provider": "provider[\"registry.terraform.io/hashicorp/aws\"]",
      "instances": [
        {
          "schema_version": 0,
          "attributes": {
            "arn": "arn:aws:eks:us-west-2:733957082019:cluster/dev-eks-cluster",
            "certificate_authority": [
              {
                "data": "LS0tLS1CRUdJTiBDRVJUSUZJQ0FURS0tLS0tCk1JSURCVENDQWUyZ0F3SUJBZ0lJQXBqVExpdzJSSWt3RFFZSktvWklodmNOQVFFTEJRQXdGVEVUTUJFR0ExVUUKQXhNS2EzVmlaWEp1WlhSbGN6QWVGdzB5TlRBME1UWXhNRFU0TkRoYUZ3MHpOVEEwTVRReE1UQXpORGhhTUJVeApFekFSQmdOVkJBTVRDbXQxWW1WeWJtVjBaWE13Z2dFaU1BMEdDU3FHU0liM0RRRUJBUVVBQTRJQkR3QXdnZ0VLCkFvSUJBUUM0dmVCUXlDcUhYUjAyOCt2ejZxQjh0aWZRZytKU3NuOHpZRytkNnk1RklRWjlQQUVkYllTcFo2U1QKaGJQK055SVBCd0oydklPOHExb0h0d0lQNGZrVStsOWYyTTNkWTA0RW5hZ3pkTWVITU1HR0JkOFZRanJPaTQ2TwpNSHZNalpRcFdmUWZ4OTdjQzIxLzY4OEFPNlNtancralVlUFAycjBneW53Z0JINGdVaXBTRXFJV2ZGRTNxS1FsCmlTUjJXVDk4QlFRN2xCTXJVckJKREM1OWZsdmxNRDYxRTBNVHpWL1JzdmllRkkvcXpQeVBLZFFDajhrNUE4YmoKVlphK2o5RkxLSHVjYldOZlhhaDhCNDVrTzh6TVpsU3BWK25EOGhYNmxOdkFvdmdkNXhkKy9lOXJib0ZSWnhXawpjSXVWYW92UjJRZ0ZncXRjMDZkNXZEVmpReTVuQWdNQkFBR2pXVEJYTUE0R0ExVWREd0VCL3dRRUF3SUNwREFQCkJnTlZIUk1CQWY4RUJUQURBUUgvTUIwR0ExVWREZ1FXQkJReldUeVlGeXhTeElxL1k5OHJOZkJscmZTWjBqQVYKQmdOVkhSRUVEakFNZ2dwcmRXSmxjbTVsZEdWek1BMEdDU3FHU0liM0RRRUJDd1VBQTRJQkFRQ0RuV2o2SElQaQp5RzhQMkpXUHRXVThUOTV3OU80alluSmczaHBNN1MxZHpmYWJKWldkcW5tVGpQdWMyREwxdDkxeUNzbUw5RnZmCkFEQ3Y0UHI0WitxaGlPcHp2VzBwb3dyaDJ2VVFLSDJKdkRiR0l0VjcxZDZobklldjMzSk1lTjB4RmN0dUNiTnYKbmtUYlkvYzc5T1Z0QmxWbktNc3BuRUJncHNsS0RsbG5DbWpyalFFS3phODhadnRXRzgwMllkdmswOTdkelhwYQozU3pHZEV2Qzk0cGZkUExvU2d6Q1hYQWpzMS9wVDN3dldYcDJPV2JLOGJweTFDOUl4VFd3N2FERXo2THlWakxNCnVYZDBCdnZVZGFFYUhyU3FIc3hha0svVU5hZXRUWk5ZTEo2ZTFmQ0NDb2xvSDZzd0hrL090NG14NGRTZk5ZTlEKWUVoZ3VvcGNaTHJ0Ci0tLS0tRU5EIENFUlRJRklDQVRFLS0tLS0K"
              }
            ],
            "cluster_id": null,
            "created_at": "2025-04-16 10:59:18.465 +0000 UTC",
            "enabled_cluster_log_types": [],
            "encryption_config": [],
            "endpoint": "https://1C18D84BF76680D1A566E77EA4187628.gr7.us-west-2.eks.amazonaws.com",
            "id": "dev-eks-cluster",
            "identity": [
              {
                "oidc": [
                  {
                    "issuer": "https://oidc.eks.us-west-2.amazonaws.com/id/1C18D84BF76680D1A566E77EA4187628"
                  }
                ]
              }
            ],
            "kubernetes_network_config": [
              {
                "ip_family": "ipv4",
                "service_ipv4_cidr": "172.20.0.0/16",
                "service_ipv6_cidr": ""
              }
            ],
            "name": "dev-eks-cluster",
            "outpost_config": [],
            "platform_version": "eks.22",
            "role_arn": "arn:aws:iam::733957082019:role/dev-eks-cluster-eks-cluster-role",
            "status": "ACTIVE",
            "tags": {
              "Environment": "dev",
              "Owner": "dev-team",
              "Project": "eks"
            },
            "tags_all": {
              "Environment": "dev",
              "Owner": "dev-team",
              "Project": "eks"
            },
            "timeouts": null,
            "version": "1.31",
            "vpc_config": [
              {
                "cluster_security_group_id": "sg-029c27662a14758db",
                "endpoint_private_access": false,
                "endpoint_public_access": true,
                "public_access_cidrs": [
                  "0.0.0.0/0"
                ],
                "security_group_ids": [],
                "subnet_ids": [
                  "subnet-02dca356d8095d6d1",
                  "subnet-038527171cd4c2a2a"
                ],
                "vpc_id": "vpc-006773a113d5dce45"
              }
            ]
          },
          "sensitive_attributes": [],
          "private": "eyJlMmJmYjczMC1lY2FhLTExZTYtOGY4OC0zNDM2M2JjN2M0YzAiOnsiY3JlYXRlIjoxODAwMDAwMDAwMDAwLCJkZWxldGUiOjkwMDAwMDAwMDAwMCwidXBkYXRlIjozNjAwMDAwMDAwMDAwfX0=",
          "dependencies": [
            "module.eks.aws_iam_role.eks_cluster",
            "module.eks.aws_iam_role_policy_attachment.eks_cluster_policy",
            "module.vpc.aws_subnet.public",
            "module.vpc.aws_vpc.this"
          ]
        }
      ]
    },
    {
      "module": "module.eks",
      "mode": "managed",
      "type": "aws_eks_node_group",
      "name": "this",
      "provider": "provider[\"registry.terraform.io/hashicorp/aws\"]",
      "instances": [
        {
          "schema_version": 0,
          "attributes": {
            "ami_type": "CUSTOM",
            "arn": "arn:aws:eks:us-west-2:733957082019:nodegroup/dev-eks-cluster/dev-eks-cluster-managed-ng/dacb1f2a-ddb2-70d7-ed1c-0b40466f1193",
            "capacity_type": "ON_DEMAND",
            "cluster_name": "dev-eks-cluster",
            "disk_size": 0,
            "force_update_version": null,
            "id": "dev-eks-cluster:dev-eks-cluster-managed-ng",
            "instance_types": [],
            "labels": {},
            "launch_template": [
              {
                "id": "lt-00b8378d05fc24e59",
                "name": "dev-eks-cluster-lt",
                "version": "2"
              }
            ],
            "node_group_name": "dev-eks-cluster-managed-ng",
            "node_group_name_prefix": "",
            "node_role_arn": "arn:aws:iam::733957082019:role/dev-eks-cluster-eks-node-role",
            "release_version": "ami-04fe8f90ca037b7b0",
            "remote_access": [],
            "resources": [
              {
                "autoscaling_groups": [
                  {
                    "name": "eks-dev-eks-cluster-managed-ng-dacb1f2a-ddb2-70d7-ed1c-0b40466f1193"
                  }
                ],
                "remote_access_security_group_id": ""
              }
            ],
            "scaling_config": [
              {
                "desired_size": 2,
                "max_size": 3,
                "min_size": 1
              }
            ],
            "status": "ACTIVE",
            "subnet_ids": [
              "subnet-02dca356d8095d6d1",
              "subnet-038527171cd4c2a2a"
            ],
            "tags": {
              "Environment": "dev",
              "Owner": "dev-team",
              "Project": "eks"
            },
            "tags_all": {
              "Environment": "dev",
              "Owner": "dev-team",
              "Project": "eks"
            },
            "taint": [],
            "timeouts": null,
            "update_config": [
              {
                "max_unavailable": 1,
                "max_unavailable_percentage": 0
              }
            ],
            "version": "1.31"
          },
          "sensitive_attributes": [],
          "private": "eyJlMmJmYjczMC1lY2FhLTExZTYtOGY4OC0zNDM2M2JjN2M0YzAiOnsiY3JlYXRlIjozNjAwMDAwMDAwMDAwLCJkZWxldGUiOjM2MDAwMDAwMDAwMDAsInVwZGF0ZSI6MzYwMDAwMDAwMDAwMH19",
          "dependencies": [
            "module.eks.aws_eks_cluster.this",
            "module.eks.aws_iam_role.eks_cluster",
            "module.eks.aws_iam_role.eks_node",
            "module.eks.aws_iam_role_policy_attachment.eks_cluster_policy",
            "module.eks.aws_iam_role_policy_attachment.worker_node_policies",
            "module.eks.aws_launch_template.node_lt",
            "module.eks.aws_security_group.node_group_sg",
            "module.vpc.aws_subnet.public",
            "module.vpc.aws_vpc.this"
          ]
        }
      ]
    },
    {
      "module": "module.eks",
      "mode": "managed",
      "type": "aws_iam_role",
      "name": "ebs_csi_driver",
      "provider": "provider[\"registry.terraform.io/hashicorp/aws\"]",
      "instances": [
        {
          "schema_version": 0,
          "attributes": {
            "arn": "arn:aws:iam::733957082019:role/dev-eks-cluster-ebs-csi-driver",
            "assume_role_policy": "{\"Statement\":[{\"Action\":\"sts:AssumeRole\",\"Effect\":\"Allow\",\"Principal\":{\"Service\":\"eks.amazonaws.com\"}}],\"Version\":\"2012-10-17\"}",
            "create_date": "2025-04-16T10:58:48Z",
            "description": "",
            "force_detach_policies": false,
            "id": "dev-eks-cluster-ebs-csi-driver",
            "inline_policy": [],
            "managed_policy_arns": [
              "arn:aws:iam::aws:policy/service-role/AmazonEBSCSIDriverPolicy"
            ],
            "max_session_duration": 3600,
            "name": "dev-eks-cluster-ebs-csi-driver",
            "name_prefix": "",
            "path": "/",
            "permissions_boundary": null,
            "role_last_used": [
              {
                "last_used_date": "",
                "region": ""
              }
            ],
            "tags": {
              "Environment": "dev",
              "Owner": "dev-team",
              "Project": "eks"
            },
            "tags_all": {
              "Environment": "dev",
              "Owner": "dev-team",
              "Project": "eks"
            },
            "unique_id": "AROA2VY2AJORU4B4WZXDU"
          },
          "sensitive_attributes": [],
          "private": "bnVsbA=="
        }
      ]
    },
    {
      "module": "module.eks",
      "mode": "managed",
      "type": "aws_iam_role",
      "name": "eks_cluster",
      "provider": "provider[\"registry.terraform.io/hashicorp/aws\"]",
      "instances": [
        {
          "schema_version": 0,
          "attributes": {
            "arn": "arn:aws:iam::733957082019:role/dev-eks-cluster-eks-cluster-role",
            "assume_role_policy": "{\"Statement\":[{\"Action\":\"sts:AssumeRole\",\"Effect\":\"Allow\",\"Principal\":{\"Service\":\"eks.amazonaws.com\"}}],\"Version\":\"2012-10-17\"}",
            "create_date": "2025-04-16T10:58:48Z",
            "description": "",
            "force_detach_policies": false,
            "id": "dev-eks-cluster-eks-cluster-role",
            "inline_policy": [],
            "managed_policy_arns": [
              "arn:aws:iam::aws:policy/AmazonEKSClusterPolicy"
            ],
            "max_session_duration": 3600,
            "name": "dev-eks-cluster-eks-cluster-role",
            "name_prefix": "",
            "path": "/",
            "permissions_boundary": null,
            "role_last_used": [
              {
                "last_used_date": "2025-04-16T11:24:29Z",
                "region": "us-west-2"
              }
            ],
            "tags": {
              "Environment": "dev",
              "Owner": "dev-team",
              "Project": "eks"
            },
            "tags_all": {
              "Environment": "dev",
              "Owner": "dev-team",
              "Project": "eks"
            },
            "unique_id": "AROA2VY2AJORQWCSE5XU5"
          },
          "sensitive_attributes": [],
          "private": "bnVsbA=="
        }
      ]
    },
    {
      "module": "module.eks",
      "mode": "managed",
      "type": "aws_iam_role",
      "name": "eks_node",
      "provider": "provider[\"registry.terraform.io/hashicorp/aws\"]",
      "instances": [
        {
          "schema_version": 0,
          "attributes": {
            "arn": "arn:aws:iam::733957082019:role/dev-eks-cluster-eks-node-role",
            "assume_role_policy": "{\"Statement\":[{\"Action\":\"sts:AssumeRole\",\"Effect\":\"Allow\",\"Principal\":{\"Service\":\"ec2.amazonaws.com\"}}],\"Version\":\"2012-10-17\"}",
            "create_date": "2025-04-16T10:58:48Z",
            "description": "",
            "force_detach_policies": false,
            "id": "dev-eks-cluster-eks-node-role",
            "inline_policy": [],
            "managed_policy_arns": [
              "arn:aws:iam::aws:policy/AmazonEC2ContainerRegistryReadOnly",
              "arn:aws:iam::aws:policy/AmazonEKSWorkerNodePolicy",
              "arn:aws:iam::aws:policy/AmazonEKS_CNI_Policy"
            ],
            "max_session_duration": 3600,
            "name": "dev-eks-cluster-eks-node-role",
            "name_prefix": "",
            "path": "/",
            "permissions_boundary": null,
            "role_last_used": [
              {
                "last_used_date": "2025-04-16T11:30:34Z",
                "region": "us-west-2"
              }
            ],
            "tags": {
              "Environment": "dev",
              "Owner": "dev-team",
              "Project": "eks"
            },
            "tags_all": {
              "Environment": "dev",
              "Owner": "dev-team",
              "Project": "eks"
            },
            "unique_id": "AROA2VY2AJORW3CE5Q23S"
          },
          "sensitive_attributes": [],
          "private": "bnVsbA=="
        }
      ]
    },
    {
      "module": "module.eks",
      "mode": "managed",
      "type": "aws_iam_role_policy_attachment",
      "name": "ebs_csi_policy",
      "provider": "provider[\"registry.terraform.io/hashicorp/aws\"]",
      "instances": [
        {
          "schema_version": 0,
          "attributes": {
            "id": "dev-eks-cluster-ebs-csi-driver-20250416105851534300000002",
            "policy_arn": "arn:aws:iam::aws:policy/service-role/AmazonEBSCSIDriverPolicy",
            "role": "dev-eks-cluster-ebs-csi-driver"
          },
          "sensitive_attributes": [],
          "private": "bnVsbA==",
          "dependencies": [
            "module.eks.aws_iam_role.ebs_csi_driver"
          ]
        }
      ]
    },
    {
      "module": "module.eks",
      "mode": "managed",
      "type": "aws_iam_role_policy_attachment",
      "name": "eks_cluster_policy",
      "provider": "provider[\"registry.terraform.io/hashicorp/aws\"]",
      "instances": [
        {
          "schema_version": 0,
          "attributes": {
            "id": "dev-eks-cluster-eks-cluster-role-20250416105851541200000003",
            "policy_arn": "arn:aws:iam::aws:policy/AmazonEKSClusterPolicy",
            "role": "dev-eks-cluster-eks-cluster-role"
          },
          "sensitive_attributes": [],
          "private": "bnVsbA==",
          "dependencies": [
            "module.eks.aws_iam_role.eks_cluster"
          ]
        }
      ]
    },
    {
      "module": "module.eks",
      "mode": "managed",
      "type": "aws_iam_role_policy_attachment",
      "name": "worker_node_policies",
      "provider": "provider[\"registry.terraform.io/hashicorp/aws\"]",
      "instances": [
        {
          "index_key": "arn:aws:iam::aws:policy/AmazonEC2ContainerRegistryReadOnly",
          "schema_version": 0,
          "attributes": {
            "id": "dev-eks-cluster-eks-node-role-20250416105851822900000005",
            "policy_arn": "arn:aws:iam::aws:policy/AmazonEC2ContainerRegistryReadOnly",
            "role": "dev-eks-cluster-eks-node-role"
          },
          "sensitive_attributes": [],
          "private": "bnVsbA==",
          "dependencies": [
            "module.eks.aws_iam_role.eks_node"
          ]
        },
        {
          "index_key": "arn:aws:iam::aws:policy/AmazonEKSWorkerNodePolicy",
          "schema_version": 0,
          "attributes": {
            "id": "dev-eks-cluster-eks-node-role-20250416105851521200000001",
            "policy_arn": "arn:aws:iam::aws:policy/AmazonEKSWorkerNodePolicy",
            "role": "dev-eks-cluster-eks-node-role"
          },
          "sensitive_attributes": [],
          "private": "bnVsbA==",
          "dependencies": [
            "module.eks.aws_iam_role.eks_node"
          ]
        },
        {
          "index_key": "arn:aws:iam::aws:policy/AmazonEKS_CNI_Policy",
          "schema_version": 0,
          "attributes": {
            "id": "dev-eks-cluster-eks-node-role-20250416105851788200000004",
            "policy_arn": "arn:aws:iam::aws:policy/AmazonEKS_CNI_Policy",
            "role": "dev-eks-cluster-eks-node-role"
          },
          "sensitive_attributes": [],
          "private": "bnVsbA==",
          "dependencies": [
            "module.eks.aws_iam_role.eks_node"
          ]
        }
      ]
    },
    {
      "module": "module.eks",
      "mode": "managed",
      "type": "aws_launch_template",
      "name": "node_lt",
      "provider": "provider[\"registry.terraform.io/hashicorp/aws\"]",
      "instances": [
        {
          "schema_version": 0,
          "attributes": {
            "arn": "arn:aws:ec2:us-west-2:733957082019:launch-template/lt-00b8378d05fc24e59",
            "block_device_mappings": [
              {
                "device_name": "/dev/xvda",
                "ebs": [
                  {
                    "delete_on_termination": "",
                    "encrypted": "",
                    "iops": 0,
                    "kms_key_id": "",
                    "snapshot_id": "",
                    "throughput": 0,
                    "volume_size": 20,
                    "volume_type": "gp3"
                  }
                ],
                "no_device": "",
                "virtual_name": ""
              }
            ],
            "capacity_reservation_specification": [],
            "cpu_options": [],
            "credit_specification": [],
            "default_version": 1,
            "description": "",
            "disable_api_stop": false,
            "disable_api_termination": false,
            "ebs_optimized": "",
            "elastic_gpu_specifications": [],
            "elastic_inference_accelerator": [],
            "enclave_options": [],
            "hibernation_options": [],
            "iam_instance_profile": [],
            "id": "lt-00b8378d05fc24e59",
            "image_id": "ami-04fe8f90ca037b7b0",
            "instance_initiated_shutdown_behavior": "",
            "instance_market_options": [],
            "instance_requirements": [],
            "instance_type": "t2.micro",
            "kernel_id": "",
            "key_name": "",
            "latest_version": 2,
            "license_specification": [],
            "maintenance_options": [],
            "metadata_options": [],
            "monitoring": [],
            "name": "dev-eks-cluster-lt",
            "name_prefix": "",
            "network_interfaces": [
              {
                "associate_carrier_ip_address": "",
                "associate_public_ip_address": "true",
                "delete_on_termination": "",
                "description": "",
                "device_index": 0,
                "interface_type": "",
                "ipv4_address_count": 0,
                "ipv4_addresses": [],
                "ipv4_prefix_count": 0,
                "ipv4_prefixes": [],
                "ipv6_address_count": 0,
                "ipv6_addresses": [],
                "ipv6_prefix_count": 0,
                "ipv6_prefixes": [],
                "network_card_index": 0,
                "network_interface_id": "",
                "private_ip_address": "",
                "security_groups": [
                  "sg-09eb59a50e6432c7a"
                ],
                "subnet_id": ""
              }
            ],
            "placement": [],
            "private_dns_name_options": [],
            "ram_disk_id": "",
            "security_group_names": [],
            "tag_specifications": [
              {
                "resource_type": "instance",
                "tags": {
                  "Environment": "dev",
                  "Name": "dev-eks-cluster-node",
                  "Owner": "dev-team",
                  "Project": "eks"
                }
              }
            ],
            "tags": {},
            "tags_all": {},
            "update_default_version": null,
            "user_data": "IyEvYmluL2Jhc2gNCi9ldGMvZWtzL2Jvb3RzdHJhcC5zaCBkZXYtZWtzLWNsdXN0ZXINCg0Kc3VkbyB5dW0gdXBkYXRlIC15DQpzdWRvIHl1bSBpbnN0YWxsIC15IGh0dHBkDQpzdWRvIHN5c3RlbWN0bCBzdGFydCBodHRwZA0Kc3VkbyBzeXN0ZW1jdGwgZW5hYmxlIGh0dHBkDQplY2hvICI8aDE+SGVsbG8hISBXZWxjb21lIHRvIGRlbW8gZnJvbSBUZXJyYWZvcm0hPC9oMT4iID4gL3Zhci93d3cvaHRtbC9pbmRleC5odG1sDQo=",
            "vpc_security_group_ids": []
          },
          "sensitive_attributes": [],
          "private": "bnVsbA==",
          "dependencies": [
            "module.eks.aws_security_group.node_group_sg",
            "module.vpc.aws_vpc.this"
          ]
        }
      ]
    },
    {
      "module": "module.eks",
      "mode": "managed",
      "type": "aws_security_group",
      "name": "node_group_sg",
      "provider": "provider[\"registry.terraform.io/hashicorp/aws\"]",
      "instances": [
        {
          "schema_version": 1,
          "attributes": {
            "arn": "arn:aws:ec2:us-west-2:733957082019:security-group/sg-09eb59a50e6432c7a",
            "description": "Security group for EKS managed node group",
            "egress": [
              {
                "cidr_blocks": [
                  "0.0.0.0/0"
                ],
                "description": "",
                "from_port": 0,
                "ipv6_cidr_blocks": [],
                "prefix_list_ids": [],
                "protocol": "-1",
                "security_groups": [],
                "self": false,
                "to_port": 0
              }
            ],
            "id": "sg-09eb59a50e6432c7a",
            "ingress": [
              {
                "cidr_blocks": [
                  "0.0.0.0/0"
                ],
                "description": "",
                "from_port": 22,
                "ipv6_cidr_blocks": [],
                "prefix_list_ids": [],
                "protocol": "tcp",
                "security_groups": [],
                "self": false,
                "to_port": 22
              },
              {
                "cidr_blocks": [
                  "0.0.0.0/0"
                ],
                "description": "",
                "from_port": 443,
                "ipv6_cidr_blocks": [],
                "prefix_list_ids": [],
                "protocol": "tcp",
                "security_groups": [],
                "self": false,
                "to_port": 443
              },
              {
                "cidr_blocks": [
                  "0.0.0.0/0"
                ],
                "description": "",
                "from_port": 80,
                "ipv6_cidr_blocks": [],
                "prefix_list_ids": [],
                "protocol": "tcp",
                "security_groups": [],
                "self": false,
                "to_port": 80
              }
            ],
            "name": "dev-eks-cluster-node-sg",
            "name_prefix": "",
            "owner_id": "733957082019",
            "revoke_rules_on_delete": false,
            "tags": {
              "Environment": "dev",
              "Name": "dev-eks-cluster-node-sg",
              "Owner": "dev-team",
              "Project": "eks"
            },
            "tags_all": {
              "Environment": "dev",
              "Name": "dev-eks-cluster-node-sg",
              "Owner": "dev-team",
              "Project": "eks"
            },
            "timeouts": null,
            "vpc_id": "vpc-006773a113d5dce45"
          },
          "sensitive_attributes": [],
          "private": "eyJlMmJmYjczMC1lY2FhLTExZTYtOGY4OC0zNDM2M2JjN2M0YzAiOnsiY3JlYXRlIjo2MDAwMDAwMDAwMDAsImRlbGV0ZSI6OTAwMDAwMDAwMDAwfSwic2NoZW1hX3ZlcnNpb24iOiIxIn0=",
          "dependencies": [
            "module.vpc.aws_vpc.this"
          ]
        }
      ]
    },
    {
      "module": "module.keypair",
      "mode": "managed",
      "type": "aws_ssm_parameter",
      "name": "private_key",
      "provider": "provider[\"registry.terraform.io/hashicorp/aws\"]",
      "instances": [
        {
          "schema_version": 0,
          "attributes": {
            "allowed_pattern": "",
            "arn": "arn:aws:ssm:us-west-2:733957082019:parameter/dev/keypair/private",
            "data_type": "text",
            "description": "Private key for EC2 access",
            "id": "/dev/keypair/private",
            "insecure_value": null,
            "key_id": "alias/aws/ssm",
            "name": "/dev/keypair/private",
            "overwrite": null,
            "tags": {},
            "tags_all": {},
            "tier": "Standard",
            "type": "SecureString",
            "value": "-----BEGIN RSA PRIVATE KEY-----\nMIIJKgIBAAKCAgEAp65CNPBnDRrmxo00S7yKDEtISxIbfhlp7LX+e4wDIWdKkagr\nLLOsed/IlQr/d1hlGbISmzXejUlkSx8BsPRHzhtPE6baPAi/AA6q0/DATJEuARJr\nCE+06asFe2hLEQr+j0uR2qbThOZG+RRpwTvNKiexw1uBSrQu/Wffc8/H3ys+uGEH\nuqLHGGQg3zwLY2l7mdAqeUShdZEOjMjiXQjigc8iTHbcOiNBSFXVXSSNXvenQ5lB\nGLxZdhQsbsNs8XqfZBdFYNLE9RyHo4U8cqfP1LNHDcfwqfNLTRtM0mN1OueVS5e0\ntrnOGvels9HU37H5hdA7U48b/hgMa6tb31smW7Lu2NYjOH8AOokp3ItzWseKx7eR\nmw87rhURIkCWe/3N/k3JuwIgjIanHIS67ZOHOtkcKK3SOWPEzkgSdPla0TVOxXpB\n3Y82Xm2ifOcdzCQreDY0vqQ2hCWCj6JSCqI7hyQPKwtt++vDw5M7RmJeU8gxqFKE\n4Ps+R2wd2j4InR75ai1VNx6QcB2F8ysvmXKzwISL014pF0wmTquvRWzaTyPIRaA0\nKJXAMHBSYkWmqrOnLlRI0XFYtISnUNHjpNJusWQuPSrS42TJENz1snT0cNVlDtob\nn3DcSDuuMoIn3CeiXELqhHif+YMQAj93B8f6J/mHi2TMuxoU9FimHZuC0iECAwEA\nAQKCAgBtt2X2wb6MIqgSDt7DF7C0bqX1CPoYPoTCsCq9qFV8C9wNBp6Jd19Jt5XF\ngBa8fohYkd3+1Pa0N+t6A+XVZWF+iPvq/egaFBb18KLyXrtU3kHdzbFfFNhpdM/3\nebx0gF8kX+wlx7brZMnXvPWdzIVoKeT00PD+cnu0r7zUSIadjexSNJscEdp4KTwh\nFWbWO3T2pfDEvJVxGeMNV3xWJ7Qd/+yPX86l89+JdzBO69Xc5+r4HlUr3EIlMvoH\n17N3JicZFOj+e6sIPwy5gDqXQxqIMG4zpDni2iDRaSWRHCbezh0wAynpzhYAKz6v\nNIM3g3qjhibre95zGkU2Rj+tHDUyB7XgiFWknW4AgzqTGqBiP7BVxum24mQzLzAW\nurRZEWEMZSWxfnEcYYQdyc+EydByNeWck0vbVKmlMNzgeDQGvFp8dyunPH43BJuF\nnwY845WbzOLkES4YpuO13+145NXigKdP1DldFCYWBoIzNes8h/A/sN9Mnsl+80DG\ntHNgzHBJV1dbTwFaiVEr3QlxPNpwRbktRU/nDiOW5GW5i72iKoQf01zebaKSttD5\nb6bsovMtlOYo5jGUV1hddgsCEUXOxsviFi+1qWhD5gqubv2b743RDOKhpTzgwpPl\nck7Cy9Gd6wKK7TEkzNSUJfGJTfopbqbZqfWChr8+fiQMn8sZKQKCAQEA2Eem4meQ\nm+RogfBM4SwAE6tJD8M/eOmvjLNUnktn4NadYzVWYt+n2I9EwEouYSK3gyEbhaxU\nLaEbw+SJumt7KqK1NI1kzLN5u9lA5YbRz/VJUJqrEh+ahpI4ISA4u26PrS273Whf\nw51DuHxzsffM9tSP5RRldpYXY69RQm7AuVswBwPLIgA0t2NwUw6uEvr3FJPKiKb/\nPXvPMbbnBf1ozLaK3OfhMpHRPSSNK+UxuSy88+phgiT7mwCflMHyCbUbr4pFbNBR\ntlZj0xLhtYCFY7iYUTNTBz2ULa/Z5s7ykWatMV66etRMHDxHE6cW2h8VAb2sKsp1\nfoc6QXrUshKqWwKCAQEAxnm6Jb9gFkpo3hkPKZhiVOmrrD0fu43KgMDR7XKQjP8I\nhnbi2SVLrjKXjkw+Vc97JKWPXcFAZGZt7nFSoChCWc0q5mOpPwi9onnhqreP2fUp\nvGfXG322+oCnJRhoQcPQFXowP4fH/ZQImMboay7ifv+oPzb4xwqPi+DGWIP95qT2\nZNSTdQsbTQoKHsrI1JoVRAWgwJtL7Fv53u3Qei+ww/5otD/vNZz0pz9DUAgbOnPZ\nVdbvL6BDaH6nUH6+fst4YMWVtGA5rcqtDHk0oDG+fvPAaenrS6XnLASgU9/xwAss\nnHZSXmNAnmwWnVA22eVMTDZ5VwcCU14IPWKMn4JGMwKCAQEAzRvmoIAnHDCZC+Gg\nh0r7J6whNdmssDauTXkknppUgV4HFLbYnhwNSctVICc5pNUPxEP5neO4US2g7z4l\nf62+uMhloNkW5yquIAABE6uv/tBYHyEPa7idC1JP+Npd8yL/DvV4XJlHeHQEbUlZ\nT0X6E3uym0Wkk7nzpI33OlFeZGqeOYjXc/9N/z1GoP4jB80J1XHzeXUmSmDINhWH\nMp8IbFwRhT5Cy3qOPLYVS7OoXDyZVZjJsGryUiVdMe5cY+hlwSwYewF0/L8hHGOj\nukWQOuotSZSrAQrdJBbJR6KrWElPpqp3n1UGeSCRJ4ommeUwPt5qEIrAsqX8EW0z\nmU0qUQKCAQEAqNhbhMtW6f+pUPBOlts9I/GaCzAAs+S/FmNy86aX1GsODJ5NA+AX\njv0ZM4QnL4cPwrBZ06+YoREGime7m+ZD8/N3gIHeNHKyKOu5ECuS5CANvms0cv2y\n0U7rYsJtxyzW8758Fz/i4hWybo4goTZElzfVINoaL/ILBjtVYW4AbNt/hW3WeCbX\nteVJkMKAsWTXnIORKumyYEQqwPzdc2To4wOmfVk6ngiFlVZbZFVRHJv7k2wDFSgo\n0FeW7QK1+lYMdX8BiW6nAvM93jOqknFfFs80rKXEdxmPHUJeRpxoJDEdZYm/Lu8O\nxPc9Ed1wnFPWYauh9GhRES0Yo2gYK4Z/QwKCAQEAq26tTNknTWLkkdUeN6qPCXZ+\nImIN4jrVuw8NuidMWuNRzLRTzwfKSM49J3uP0pgo8Rg4BljcL4g8htqqj+aEZL1S\nnx9YiWE8jahq14id50GF3UQFfrmZgDILvgJHLPLzsYY6GKcbowPNfNJNyUiA33R/\nZxnCbHhE60eLh6v9klFU3Uqzzp0eWhNljJkZXYlaRLLh5dvxmb3wdifE9C3ebhLD\nFGQKtMX1Ctv4UzCd1iOmEaE0dbcyuJswH/1eGKDCfvvzkWBfDXwbIiY2H061YO4Z\nBAWEWbmytT1uskjU1T8u7AFTVvE0lXgBkB4De4W4xFlTdsmLvj5EJrfiYT5vHw==\n-----END RSA PRIVATE KEY-----\n",
            "version": 1
          },
          "sensitive_attributes": [
            [
              {
                "type": "get_attr",
                "value": "value"
              }
            ]
          ],
          "private": "bnVsbA==",
          "dependencies": [
            "module.keypair.tls_private_key.eks"
          ]
        }
      ]
    },
    {
      "module": "module.keypair",
      "mode": "managed",
      "type": "aws_ssm_parameter",
      "name": "public_key",
      "provider": "provider[\"registry.terraform.io/hashicorp/aws\"]",
      "instances": [
        {
          "schema_version": 0,
          "attributes": {
            "allowed_pattern": "",
            "arn": "arn:aws:ssm:us-west-2:733957082019:parameter/dev/keypair/public",
            "data_type": "text",
            "description": "Public key for EC2 access",
            "id": "/dev/keypair/public",
            "insecure_value": null,
            "key_id": "",
            "name": "/dev/keypair/public",
            "overwrite": null,
            "tags": {},
            "tags_all": {},
            "tier": "Standard",
            "type": "String",
            "value": "ssh-rsa AAAAB3NzaC1yc2EAAAADAQABAAACAQCnrkI08GcNGubGjTRLvIoMS0hLEht+GWnstf57jAMhZ0qRqCsss6x538iVCv93WGUZshKbNd6NSWRLHwGw9EfOG08Tpto8CL8ADqrT8MBMkS4BEmsIT7TpqwV7aEsRCv6PS5HaptOE5kb5FGnBO80qJ7HDW4FKtC79Z99zz8ffKz64YQe6oscYZCDfPAtjaXuZ0Cp5RKF1kQ6MyOJdCOKBzyJMdtw6I0FIVdVdJI1e96dDmUEYvFl2FCxuw2zxep9kF0Vg0sT1HIejhTxyp8/Us0cNx/Cp80tNG0zSY3U655VLl7S2uc4a96Wz0dTfsfmF0DtTjxv+GAxrq1vfWyZbsu7Y1iM4fwA6iSnci3Nax4rHt5GbDzuuFREiQJZ7/c3+Tcm7AiCMhqcchLrtk4c62RwordI5Y8TOSBJ0+VrRNU7FekHdjzZebaJ85x3MJCt4NjS+pDaEJYKPolIKojuHJA8rC23768PDkztGYl5TyDGoUoTg+z5HbB3aPgidHvlqLVU3HpBwHYXzKy+ZcrPAhIvTXikXTCZOq69FbNpPI8hFoDQolcAwcFJiRaaqs6cuVEjRcVi0hKdQ0eOk0m6xZC49KtLjZMkQ3PWydPRw1WUO2hufcNxIO64ygifcJ6JcQuqEeJ/5gxACP3cHx/on+YeLZMy7GhT0WKYdm4LSIQ==\n",
            "version": 1
          },
          "sensitive_attributes": [
            [
              {
                "type": "get_attr",
                "value": "value"
              }
            ]
          ],
          "private": "bnVsbA==",
          "dependencies": [
            "module.keypair.tls_private_key.eks"
          ]
        }
      ]
    },
    {
      "module": "module.keypair",
      "mode": "managed",
      "type": "tls_private_key",
      "name": "eks",
      "provider": "provider[\"registry.terraform.io/hashicorp/tls\"]",
      "instances": [
        {
          "schema_version": 1,
          "attributes": {
            "algorithm": "RSA",
            "ecdsa_curve": "P224",
            "id": "14c3cca78c7cdd33d98e2910e6f0aed0ab5da32c",
            "private_key_openssh": "-----BEGIN OPENSSH PRIVATE KEY-----\nb3BlbnNzaC1rZXktdjEAAAAABG5vbmUAAAAEbm9uZQAAAAAAAAABAAACFwAAAAdz\nc2gtcnNhAAAAAwEAAQAAAgEAp65CNPBnDRrmxo00S7yKDEtISxIbfhlp7LX+e4wD\nIWdKkagrLLOsed/IlQr/d1hlGbISmzXejUlkSx8BsPRHzhtPE6baPAi/AA6q0/DA\nTJEuARJrCE+06asFe2hLEQr+j0uR2qbThOZG+RRpwTvNKiexw1uBSrQu/Wffc8/H\n3ys+uGEHuqLHGGQg3zwLY2l7mdAqeUShdZEOjMjiXQjigc8iTHbcOiNBSFXVXSSN\nXvenQ5lBGLxZdhQsbsNs8XqfZBdFYNLE9RyHo4U8cqfP1LNHDcfwqfNLTRtM0mN1\nOueVS5e0trnOGvels9HU37H5hdA7U48b/hgMa6tb31smW7Lu2NYjOH8AOokp3Itz\nWseKx7eRmw87rhURIkCWe/3N/k3JuwIgjIanHIS67ZOHOtkcKK3SOWPEzkgSdPla\n0TVOxXpB3Y82Xm2ifOcdzCQreDY0vqQ2hCWCj6JSCqI7hyQPKwtt++vDw5M7RmJe\nU8gxqFKE4Ps+R2wd2j4InR75ai1VNx6QcB2F8ysvmXKzwISL014pF0wmTquvRWza\nTyPIRaA0KJXAMHBSYkWmqrOnLlRI0XFYtISnUNHjpNJusWQuPSrS42TJENz1snT0\ncNVlDtobn3DcSDuuMoIn3CeiXELqhHif+YMQAj93B8f6J/mHi2TMuxoU9FimHZuC\n0iEAAAc4Z4OHZGeDh2QAAAAHc3NoLXJzYQAAAgEAp65CNPBnDRrmxo00S7yKDEtI\nSxIbfhlp7LX+e4wDIWdKkagrLLOsed/IlQr/d1hlGbISmzXejUlkSx8BsPRHzhtP\nE6baPAi/AA6q0/DATJEuARJrCE+06asFe2hLEQr+j0uR2qbThOZG+RRpwTvNKiex\nw1uBSrQu/Wffc8/H3ys+uGEHuqLHGGQg3zwLY2l7mdAqeUShdZEOjMjiXQjigc8i\nTHbcOiNBSFXVXSSNXvenQ5lBGLxZdhQsbsNs8XqfZBdFYNLE9RyHo4U8cqfP1LNH\nDcfwqfNLTRtM0mN1OueVS5e0trnOGvels9HU37H5hdA7U48b/hgMa6tb31smW7Lu\n2NYjOH8AOokp3ItzWseKx7eRmw87rhURIkCWe/3N/k3JuwIgjIanHIS67ZOHOtkc\nKK3SOWPEzkgSdPla0TVOxXpB3Y82Xm2ifOcdzCQreDY0vqQ2hCWCj6JSCqI7hyQP\nKwtt++vDw5M7RmJeU8gxqFKE4Ps+R2wd2j4InR75ai1VNx6QcB2F8ysvmXKzwISL\n014pF0wmTquvRWzaTyPIRaA0KJXAMHBSYkWmqrOnLlRI0XFYtISnUNHjpNJusWQu\nPSrS42TJENz1snT0cNVlDtobn3DcSDuuMoIn3CeiXELqhHif+YMQAj93B8f6J/mH\ni2TMuxoU9FimHZuC0iEAAAADAQABAAACAG23ZfbBvowiqBIO3sMXsLRupfUI+hg+\nhMKwKr2oVXwL3A0Gnol3X0m3lcWAFrx+iFiR3f7U9rQ363oD5dVlYX6I++r96BoU\nFvXwovJeu1TeQd3NsV8U2Gl0z/d5vHSAXyRf7CXHtutkyde89Z3MhWgp5PTQ8P5y\ne7SvvNRIhp2N7FI0mxwR2ngpPCEVZtY7dPal8MS8lXEZ4w1XfFYntB3/7I9fzqXz\n34l3ME7r1dzn6vgeVSvcQiUy+gfXs3cmJxkU6P57qwg/DLmAOpdDGogwbjOkOeLa\nINFpJZEcJt7OHTADKenOFgArPq80gzeDeqOGJut73nMaRTZGP60cNTIHteCIVaSd\nbgCDOpMaoGI/sFXG6bbiZDMvMBa6tFkRYQxlJbF+cRxhhB3Jz4TJ0HI15ZyTS9tU\nqaUw3OB4NAa8Wnx3K6c8fjcEm4WfBjzjlZvM4uQRLhim47Xf7Xjk1eKAp0/UOV0U\nJhYGgjM16zyH8D+w30yeyX7zQMa0c2DMcElXV1tPAVqJUSvdCXE82nBFuS1FT+cO\nI5bkZbmLvaIqhB/TXN5topK20Plvpuyi8y2U5ijmMZRXWF12CwIRRc7Gy+IWL7Wp\naEPmCq5u/ZvvjdEM4qGlPODCk+VyTsLL0Z3rAortMSTM1JQl8YlN+iluptmp9YKG\nvz5+JAyfyxkpAAABAQCrbq1M2SdNYuSR1R43qo8Jdn4iYg3iOtW7Dw26J0xa41HM\ntFPPB8pIzj0ne4/SmCjxGDgGWNwviDyG2qqP5oRkvVKfH1iJYTyNqGrXiJ3nQYXd\nRAV+uZmAMgu+Akcs8vOxhjoYpxujA8180k3JSIDfdH9nGcJseETrR4uHq/2SUVTd\nSrPOnR5aE2WMmRldiVpEsuHl2/GZvfB2J8T0Ld5uEsMUZAq0xfUK2/hTMJ3WI6YR\noTR1tzK4mzAf/V4YoMJ++/ORYF8NfBsiJjYfTrVg7hkEBYRZubK1PW6ySNTVPy7s\nAVNW8TSVeAGQHgN7hbjEWVN2yYu+PkQmt+JhPm8fAAABAQDYR6biZ5Cb5GiB8Ezh\nLAATq0kPwz946a+Ms1SeS2fg1p1jNVZi36fYj0TASi5hIreDIRuFrFQtoRvD5Im6\na3sqorU0jWTMs3m72UDlhtHP9UlQmqsSH5qGkjghIDi7bo+tLbvdaF/DnUO4fHOx\n98z21I/lFGV2lhdjr1FCbsC5WzAHA8siADS3Y3BTDq4S+vcUk8qIpv89e88xtucF\n/WjMtorc5+EykdE9JI0r5TG5LLzz6mGCJPubAJ+UwfIJtRuvikVs0FG2VmPTEuG1\ngIVjuJhRM1MHPZQtr9nmzvKRZq0xXrp61EwcPEcTpxbaHxUBvawqynV+hzpBetSy\nEqpbAAABAQDGebolv2AWSmjeGQ8pmGJU6ausPR+7jcqAwNHtcpCM/wiGduLZJUuu\nMpeOTD5Vz3skpY9dwUBkZm3ucVKgKEJZzSrmY6k/CL2ieeGqt4/Z9Sm8Z9cbfbb6\ngKclGGhBw9AVejA/h8f9lAiYxuhrLuJ+/6g/NvjHCo+L4MZYg/3mpPZk1JN1CxtN\nCgoeysjUmhVEBaDAm0vsW/ne7dB6L7DD/mi0P+81nPSnP0NQCBs6c9lV1u8voENo\nfqdQfr5+y3hgxZW0YDmtyq0MeTSgMb5+88Bp6etLpecsBKBT3/HACyycdlJeY0Ce\nbBadUDbZ5UxMNnlXBwJTXgg9YoyfgkYzAAAAAAEC\n-----END OPENSSH PRIVATE KEY-----\n",
            "private_key_pem": "-----BEGIN RSA PRIVATE KEY-----\nMIIJKgIBAAKCAgEAp65CNPBnDRrmxo00S7yKDEtISxIbfhlp7LX+e4wDIWdKkagr\nLLOsed/IlQr/d1hlGbISmzXejUlkSx8BsPRHzhtPE6baPAi/AA6q0/DATJEuARJr\nCE+06asFe2hLEQr+j0uR2qbThOZG+RRpwTvNKiexw1uBSrQu/Wffc8/H3ys+uGEH\nuqLHGGQg3zwLY2l7mdAqeUShdZEOjMjiXQjigc8iTHbcOiNBSFXVXSSNXvenQ5lB\nGLxZdhQsbsNs8XqfZBdFYNLE9RyHo4U8cqfP1LNHDcfwqfNLTRtM0mN1OueVS5e0\ntrnOGvels9HU37H5hdA7U48b/hgMa6tb31smW7Lu2NYjOH8AOokp3ItzWseKx7eR\nmw87rhURIkCWe/3N/k3JuwIgjIanHIS67ZOHOtkcKK3SOWPEzkgSdPla0TVOxXpB\n3Y82Xm2ifOcdzCQreDY0vqQ2hCWCj6JSCqI7hyQPKwtt++vDw5M7RmJeU8gxqFKE\n4Ps+R2wd2j4InR75ai1VNx6QcB2F8ysvmXKzwISL014pF0wmTquvRWzaTyPIRaA0\nKJXAMHBSYkWmqrOnLlRI0XFYtISnUNHjpNJusWQuPSrS42TJENz1snT0cNVlDtob\nn3DcSDuuMoIn3CeiXELqhHif+YMQAj93B8f6J/mHi2TMuxoU9FimHZuC0iECAwEA\nAQKCAgBtt2X2wb6MIqgSDt7DF7C0bqX1CPoYPoTCsCq9qFV8C9wNBp6Jd19Jt5XF\ngBa8fohYkd3+1Pa0N+t6A+XVZWF+iPvq/egaFBb18KLyXrtU3kHdzbFfFNhpdM/3\nebx0gF8kX+wlx7brZMnXvPWdzIVoKeT00PD+cnu0r7zUSIadjexSNJscEdp4KTwh\nFWbWO3T2pfDEvJVxGeMNV3xWJ7Qd/+yPX86l89+JdzBO69Xc5+r4HlUr3EIlMvoH\n17N3JicZFOj+e6sIPwy5gDqXQxqIMG4zpDni2iDRaSWRHCbezh0wAynpzhYAKz6v\nNIM3g3qjhibre95zGkU2Rj+tHDUyB7XgiFWknW4AgzqTGqBiP7BVxum24mQzLzAW\nurRZEWEMZSWxfnEcYYQdyc+EydByNeWck0vbVKmlMNzgeDQGvFp8dyunPH43BJuF\nnwY845WbzOLkES4YpuO13+145NXigKdP1DldFCYWBoIzNes8h/A/sN9Mnsl+80DG\ntHNgzHBJV1dbTwFaiVEr3QlxPNpwRbktRU/nDiOW5GW5i72iKoQf01zebaKSttD5\nb6bsovMtlOYo5jGUV1hddgsCEUXOxsviFi+1qWhD5gqubv2b743RDOKhpTzgwpPl\nck7Cy9Gd6wKK7TEkzNSUJfGJTfopbqbZqfWChr8+fiQMn8sZKQKCAQEA2Eem4meQ\nm+RogfBM4SwAE6tJD8M/eOmvjLNUnktn4NadYzVWYt+n2I9EwEouYSK3gyEbhaxU\nLaEbw+SJumt7KqK1NI1kzLN5u9lA5YbRz/VJUJqrEh+ahpI4ISA4u26PrS273Whf\nw51DuHxzsffM9tSP5RRldpYXY69RQm7AuVswBwPLIgA0t2NwUw6uEvr3FJPKiKb/\nPXvPMbbnBf1ozLaK3OfhMpHRPSSNK+UxuSy88+phgiT7mwCflMHyCbUbr4pFbNBR\ntlZj0xLhtYCFY7iYUTNTBz2ULa/Z5s7ykWatMV66etRMHDxHE6cW2h8VAb2sKsp1\nfoc6QXrUshKqWwKCAQEAxnm6Jb9gFkpo3hkPKZhiVOmrrD0fu43KgMDR7XKQjP8I\nhnbi2SVLrjKXjkw+Vc97JKWPXcFAZGZt7nFSoChCWc0q5mOpPwi9onnhqreP2fUp\nvGfXG322+oCnJRhoQcPQFXowP4fH/ZQImMboay7ifv+oPzb4xwqPi+DGWIP95qT2\nZNSTdQsbTQoKHsrI1JoVRAWgwJtL7Fv53u3Qei+ww/5otD/vNZz0pz9DUAgbOnPZ\nVdbvL6BDaH6nUH6+fst4YMWVtGA5rcqtDHk0oDG+fvPAaenrS6XnLASgU9/xwAss\nnHZSXmNAnmwWnVA22eVMTDZ5VwcCU14IPWKMn4JGMwKCAQEAzRvmoIAnHDCZC+Gg\nh0r7J6whNdmssDauTXkknppUgV4HFLbYnhwNSctVICc5pNUPxEP5neO4US2g7z4l\nf62+uMhloNkW5yquIAABE6uv/tBYHyEPa7idC1JP+Npd8yL/DvV4XJlHeHQEbUlZ\nT0X6E3uym0Wkk7nzpI33OlFeZGqeOYjXc/9N/z1GoP4jB80J1XHzeXUmSmDINhWH\nMp8IbFwRhT5Cy3qOPLYVS7OoXDyZVZjJsGryUiVdMe5cY+hlwSwYewF0/L8hHGOj\nukWQOuotSZSrAQrdJBbJR6KrWElPpqp3n1UGeSCRJ4ommeUwPt5qEIrAsqX8EW0z\nmU0qUQKCAQEAqNhbhMtW6f+pUPBOlts9I/GaCzAAs+S/FmNy86aX1GsODJ5NA+AX\njv0ZM4QnL4cPwrBZ06+YoREGime7m+ZD8/N3gIHeNHKyKOu5ECuS5CANvms0cv2y\n0U7rYsJtxyzW8758Fz/i4hWybo4goTZElzfVINoaL/ILBjtVYW4AbNt/hW3WeCbX\nteVJkMKAsWTXnIORKumyYEQqwPzdc2To4wOmfVk6ngiFlVZbZFVRHJv7k2wDFSgo\n0FeW7QK1+lYMdX8BiW6nAvM93jOqknFfFs80rKXEdxmPHUJeRpxoJDEdZYm/Lu8O\nxPc9Ed1wnFPWYauh9GhRES0Yo2gYK4Z/QwKCAQEAq26tTNknTWLkkdUeN6qPCXZ+\nImIN4jrVuw8NuidMWuNRzLRTzwfKSM49J3uP0pgo8Rg4BljcL4g8htqqj+aEZL1S\nnx9YiWE8jahq14id50GF3UQFfrmZgDILvgJHLPLzsYY6GKcbowPNfNJNyUiA33R/\nZxnCbHhE60eLh6v9klFU3Uqzzp0eWhNljJkZXYlaRLLh5dvxmb3wdifE9C3ebhLD\nFGQKtMX1Ctv4UzCd1iOmEaE0dbcyuJswH/1eGKDCfvvzkWBfDXwbIiY2H061YO4Z\nBAWEWbmytT1uskjU1T8u7AFTVvE0lXgBkB4De4W4xFlTdsmLvj5EJrfiYT5vHw==\n-----END RSA PRIVATE KEY-----\n",
            "private_key_pem_pkcs8": "-----BEGIN PRIVATE KEY-----\nMIIJRAIBADANBgkqhkiG9w0BAQEFAASCCS4wggkqAgEAAoICAQCnrkI08GcNGubG\njTRLvIoMS0hLEht+GWnstf57jAMhZ0qRqCsss6x538iVCv93WGUZshKbNd6NSWRL\nHwGw9EfOG08Tpto8CL8ADqrT8MBMkS4BEmsIT7TpqwV7aEsRCv6PS5HaptOE5kb5\nFGnBO80qJ7HDW4FKtC79Z99zz8ffKz64YQe6oscYZCDfPAtjaXuZ0Cp5RKF1kQ6M\nyOJdCOKBzyJMdtw6I0FIVdVdJI1e96dDmUEYvFl2FCxuw2zxep9kF0Vg0sT1HIej\nhTxyp8/Us0cNx/Cp80tNG0zSY3U655VLl7S2uc4a96Wz0dTfsfmF0DtTjxv+GAxr\nq1vfWyZbsu7Y1iM4fwA6iSnci3Nax4rHt5GbDzuuFREiQJZ7/c3+Tcm7AiCMhqcc\nhLrtk4c62RwordI5Y8TOSBJ0+VrRNU7FekHdjzZebaJ85x3MJCt4NjS+pDaEJYKP\nolIKojuHJA8rC23768PDkztGYl5TyDGoUoTg+z5HbB3aPgidHvlqLVU3HpBwHYXz\nKy+ZcrPAhIvTXikXTCZOq69FbNpPI8hFoDQolcAwcFJiRaaqs6cuVEjRcVi0hKdQ\n0eOk0m6xZC49KtLjZMkQ3PWydPRw1WUO2hufcNxIO64ygifcJ6JcQuqEeJ/5gxAC\nP3cHx/on+YeLZMy7GhT0WKYdm4LSIQIDAQABAoICAG23ZfbBvowiqBIO3sMXsLRu\npfUI+hg+hMKwKr2oVXwL3A0Gnol3X0m3lcWAFrx+iFiR3f7U9rQ363oD5dVlYX6I\n++r96BoUFvXwovJeu1TeQd3NsV8U2Gl0z/d5vHSAXyRf7CXHtutkyde89Z3MhWgp\n5PTQ8P5ye7SvvNRIhp2N7FI0mxwR2ngpPCEVZtY7dPal8MS8lXEZ4w1XfFYntB3/\n7I9fzqXz34l3ME7r1dzn6vgeVSvcQiUy+gfXs3cmJxkU6P57qwg/DLmAOpdDGogw\nbjOkOeLaINFpJZEcJt7OHTADKenOFgArPq80gzeDeqOGJut73nMaRTZGP60cNTIH\nteCIVaSdbgCDOpMaoGI/sFXG6bbiZDMvMBa6tFkRYQxlJbF+cRxhhB3Jz4TJ0HI1\n5ZyTS9tUqaUw3OB4NAa8Wnx3K6c8fjcEm4WfBjzjlZvM4uQRLhim47Xf7Xjk1eKA\np0/UOV0UJhYGgjM16zyH8D+w30yeyX7zQMa0c2DMcElXV1tPAVqJUSvdCXE82nBF\nuS1FT+cOI5bkZbmLvaIqhB/TXN5topK20Plvpuyi8y2U5ijmMZRXWF12CwIRRc7G\ny+IWL7WpaEPmCq5u/ZvvjdEM4qGlPODCk+VyTsLL0Z3rAortMSTM1JQl8YlN+ilu\nptmp9YKGvz5+JAyfyxkpAoIBAQDYR6biZ5Cb5GiB8EzhLAATq0kPwz946a+Ms1Se\nS2fg1p1jNVZi36fYj0TASi5hIreDIRuFrFQtoRvD5Im6a3sqorU0jWTMs3m72UDl\nhtHP9UlQmqsSH5qGkjghIDi7bo+tLbvdaF/DnUO4fHOx98z21I/lFGV2lhdjr1FC\nbsC5WzAHA8siADS3Y3BTDq4S+vcUk8qIpv89e88xtucF/WjMtorc5+EykdE9JI0r\n5TG5LLzz6mGCJPubAJ+UwfIJtRuvikVs0FG2VmPTEuG1gIVjuJhRM1MHPZQtr9nm\nzvKRZq0xXrp61EwcPEcTpxbaHxUBvawqynV+hzpBetSyEqpbAoIBAQDGebolv2AW\nSmjeGQ8pmGJU6ausPR+7jcqAwNHtcpCM/wiGduLZJUuuMpeOTD5Vz3skpY9dwUBk\nZm3ucVKgKEJZzSrmY6k/CL2ieeGqt4/Z9Sm8Z9cbfbb6gKclGGhBw9AVejA/h8f9\nlAiYxuhrLuJ+/6g/NvjHCo+L4MZYg/3mpPZk1JN1CxtNCgoeysjUmhVEBaDAm0vs\nW/ne7dB6L7DD/mi0P+81nPSnP0NQCBs6c9lV1u8voENofqdQfr5+y3hgxZW0YDmt\nyq0MeTSgMb5+88Bp6etLpecsBKBT3/HACyycdlJeY0CebBadUDbZ5UxMNnlXBwJT\nXgg9YoyfgkYzAoIBAQDNG+aggCccMJkL4aCHSvsnrCE12aywNq5NeSSemlSBXgcU\nttieHA1Jy1UgJzmk1Q/EQ/md47hRLaDvPiV/rb64yGWg2RbnKq4gAAETq6/+0Fgf\nIQ9ruJ0LUk/42l3zIv8O9XhcmUd4dARtSVlPRfoTe7KbRaSTufOkjfc6UV5kap45\niNdz/03/PUag/iMHzQnVcfN5dSZKYMg2FYcynwhsXBGFPkLLeo48thVLs6hcPJlV\nmMmwavJSJV0x7lxj6GXBLBh7AXT8vyEcY6O6RZA66i1JlKsBCt0kFslHoqtYSU+m\nqnefVQZ5IJEniiaZ5TA+3moQisCypfwRbTOZTSpRAoIBAQCo2FuEy1bp/6lQ8E6W\n2z0j8ZoLMACz5L8WY3LzppfUaw4Mnk0D4BeO/RkzhCcvhw/CsFnTr5ihEQaKZ7ub\n5kPz83eAgd40crIo67kQK5LkIA2+azRy/bLRTutiwm3HLNbzvnwXP+LiFbJujiCh\nNkSXN9Ug2hov8gsGO1VhbgBs23+FbdZ4Jte15UmQwoCxZNecg5Eq6bJgRCrA/N1z\nZOjjA6Z9WTqeCIWVVltkVVEcm/uTbAMVKCjQV5btArX6Vgx1fwGJbqcC8z3eM6qS\ncV8WzzSspcR3GY8dQl5GnGgkMR1lib8u7w7E9z0R3XCcU9Zhq6H0aFERLRijaBgr\nhn9DAoIBAQCrbq1M2SdNYuSR1R43qo8Jdn4iYg3iOtW7Dw26J0xa41HMtFPPB8pI\nzj0ne4/SmCjxGDgGWNwviDyG2qqP5oRkvVKfH1iJYTyNqGrXiJ3nQYXdRAV+uZmA\nMgu+Akcs8vOxhjoYpxujA8180k3JSIDfdH9nGcJseETrR4uHq/2SUVTdSrPOnR5a\nE2WMmRldiVpEsuHl2/GZvfB2J8T0Ld5uEsMUZAq0xfUK2/hTMJ3WI6YRoTR1tzK4\nmzAf/V4YoMJ++/ORYF8NfBsiJjYfTrVg7hkEBYRZubK1PW6ySNTVPy7sAVNW8TSV\neAGQHgN7hbjEWVN2yYu+PkQmt+JhPm8f\n-----END PRIVATE KEY-----\n",
            "public_key_fingerprint_md5": "b0:8a:c3:de:4c:63:39:cf:53:38:f4:63:8f:b9:df:f7",
            "public_key_fingerprint_sha256": "SHA256:Fn768f1dZzZTvbOnjvCtWCsWAaIDUdpL0A4Jqsm3F2g",
            "public_key_openssh": "ssh-rsa AAAAB3NzaC1yc2EAAAADAQABAAACAQCnrkI08GcNGubGjTRLvIoMS0hLEht+GWnstf57jAMhZ0qRqCsss6x538iVCv93WGUZshKbNd6NSWRLHwGw9EfOG08Tpto8CL8ADqrT8MBMkS4BEmsIT7TpqwV7aEsRCv6PS5HaptOE5kb5FGnBO80qJ7HDW4FKtC79Z99zz8ffKz64YQe6oscYZCDfPAtjaXuZ0Cp5RKF1kQ6MyOJdCOKBzyJMdtw6I0FIVdVdJI1e96dDmUEYvFl2FCxuw2zxep9kF0Vg0sT1HIejhTxyp8/Us0cNx/Cp80tNG0zSY3U655VLl7S2uc4a96Wz0dTfsfmF0DtTjxv+GAxrq1vfWyZbsu7Y1iM4fwA6iSnci3Nax4rHt5GbDzuuFREiQJZ7/c3+Tcm7AiCMhqcchLrtk4c62RwordI5Y8TOSBJ0+VrRNU7FekHdjzZebaJ85x3MJCt4NjS+pDaEJYKPolIKojuHJA8rC23768PDkztGYl5TyDGoUoTg+z5HbB3aPgidHvlqLVU3HpBwHYXzKy+ZcrPAhIvTXikXTCZOq69FbNpPI8hFoDQolcAwcFJiRaaqs6cuVEjRcVi0hKdQ0eOk0m6xZC49KtLjZMkQ3PWydPRw1WUO2hufcNxIO64ygifcJ6JcQuqEeJ/5gxACP3cHx/on+YeLZMy7GhT0WKYdm4LSIQ==\n",
            "public_key_pem": "-----BEGIN PUBLIC KEY-----\nMIICIjANBgkqhkiG9w0BAQEFAAOCAg8AMIICCgKCAgEAp65CNPBnDRrmxo00S7yK\nDEtISxIbfhlp7LX+e4wDIWdKkagrLLOsed/IlQr/d1hlGbISmzXejUlkSx8BsPRH\nzhtPE6baPAi/AA6q0/DATJEuARJrCE+06asFe2hLEQr+j0uR2qbThOZG+RRpwTvN\nKiexw1uBSrQu/Wffc8/H3ys+uGEHuqLHGGQg3zwLY2l7mdAqeUShdZEOjMjiXQji\ngc8iTHbcOiNBSFXVXSSNXvenQ5lBGLxZdhQsbsNs8XqfZBdFYNLE9RyHo4U8cqfP\n1LNHDcfwqfNLTRtM0mN1OueVS5e0trnOGvels9HU37H5hdA7U48b/hgMa6tb31sm\nW7Lu2NYjOH8AOokp3ItzWseKx7eRmw87rhURIkCWe/3N/k3JuwIgjIanHIS67ZOH\nOtkcKK3SOWPEzkgSdPla0TVOxXpB3Y82Xm2ifOcdzCQreDY0vqQ2hCWCj6JSCqI7\nhyQPKwtt++vDw5M7RmJeU8gxqFKE4Ps+R2wd2j4InR75ai1VNx6QcB2F8ysvmXKz\nwISL014pF0wmTquvRWzaTyPIRaA0KJXAMHBSYkWmqrOnLlRI0XFYtISnUNHjpNJu\nsWQuPSrS42TJENz1snT0cNVlDtobn3DcSDuuMoIn3CeiXELqhHif+YMQAj93B8f6\nJ/mHi2TMuxoU9FimHZuC0iECAwEAAQ==\n-----END PUBLIC KEY-----\n",
            "rsa_bits": 4096
          },
          "sensitive_attributes": [
            [
              {
                "type": "get_attr",
                "value": "private_key_openssh"
              }
            ],
            [
              {
                "type": "get_attr",
                "value": "private_key_pem_pkcs8"
              }
            ],
            [
              {
                "type": "get_attr",
                "value": "private_key_pem"
              }
            ]
          ]
        }
      ]
    },
    {
      "module": "module.vpc",
      "mode": "managed",
      "type": "aws_internet_gateway",
      "name": "this",
      "provider": "provider[\"registry.terraform.io/hashicorp/aws\"]",
      "instances": [
        {
          "schema_version": 0,
          "attributes": {
            "arn": "arn:aws:ec2:us-west-2:733957082019:internet-gateway/igw-019c046c71cd3ff68",
            "id": "igw-019c046c71cd3ff68",
            "owner_id": "733957082019",
            "tags": {
              "Environment": "dev",
              "Name": "dev-eks-cluster-igw",
              "Owner": "dev-team",
              "Project": "eks"
            },
            "tags_all": {
              "Environment": "dev",
              "Name": "dev-eks-cluster-igw",
              "Owner": "dev-team",
              "Project": "eks"
            },
            "timeouts": null,
            "vpc_id": "vpc-006773a113d5dce45"
          },
          "sensitive_attributes": [],
          "private": "eyJlMmJmYjczMC1lY2FhLTExZTYtOGY4OC0zNDM2M2JjN2M0YzAiOnsiY3JlYXRlIjoxMjAwMDAwMDAwMDAwLCJkZWxldGUiOjEyMDAwMDAwMDAwMDAsInVwZGF0ZSI6MTIwMDAwMDAwMDAwMH19",
          "dependencies": [
            "module.vpc.aws_vpc.this"
          ]
        }
      ]
    },
    {
      "module": "module.vpc",
      "mode": "managed",
      "type": "aws_route_table",
      "name": "public",
      "provider": "provider[\"registry.terraform.io/hashicorp/aws\"]",
      "instances": [
        {
          "schema_version": 0,
          "attributes": {
            "arn": "arn:aws:ec2:us-west-2:733957082019:route-table/rtb-0051028e58ed37ce0",
            "id": "rtb-0051028e58ed37ce0",
            "owner_id": "733957082019",
            "propagating_vgws": [],
            "route": [
              {
                "carrier_gateway_id": "",
                "cidr_block": "0.0.0.0/0",
                "core_network_arn": "",
                "destination_prefix_list_id": "",
                "egress_only_gateway_id": "",
                "gateway_id": "igw-019c046c71cd3ff68",
                "ipv6_cidr_block": "",
                "local_gateway_id": "",
                "nat_gateway_id": "",
                "network_interface_id": "",
                "transit_gateway_id": "",
                "vpc_endpoint_id": "",
                "vpc_peering_connection_id": ""
              }
            ],
            "tags": {
              "Environment": "dev",
              "Name": "dev-eks-cluster-public-rt",
              "Owner": "dev-team",
              "Project": "eks"
            },
            "tags_all": {
              "Environment": "dev",
              "Name": "dev-eks-cluster-public-rt",
              "Owner": "dev-team",
              "Project": "eks"
            },
            "timeouts": null,
            "vpc_id": "vpc-006773a113d5dce45"
          },
          "sensitive_attributes": [],
          "private": "eyJlMmJmYjczMC1lY2FhLTExZTYtOGY4OC0zNDM2M2JjN2M0YzAiOnsiY3JlYXRlIjozMDAwMDAwMDAwMDAsImRlbGV0ZSI6MzAwMDAwMDAwMDAwLCJ1cGRhdGUiOjEyMDAwMDAwMDAwMH19",
          "dependencies": [
            "module.vpc.aws_internet_gateway.this",
            "module.vpc.aws_vpc.this"
          ]
        }
      ]
    },
    {
      "module": "module.vpc",
      "mode": "managed",
      "type": "aws_route_table_association",
      "name": "public",
      "provider": "provider[\"registry.terraform.io/hashicorp/aws\"]",
      "instances": [
        {
          "index_key": 0,
          "schema_version": 0,
          "attributes": {
            "gateway_id": "",
            "id": "rtbassoc-00703064d7d12c608",
            "route_table_id": "rtb-0051028e58ed37ce0",
            "subnet_id": "subnet-038527171cd4c2a2a",
            "timeouts": null
          },
          "sensitive_attributes": [],
          "private": "eyJlMmJmYjczMC1lY2FhLTExZTYtOGY4OC0zNDM2M2JjN2M0YzAiOnsiY3JlYXRlIjozMDAwMDAwMDAwMDAsImRlbGV0ZSI6MzAwMDAwMDAwMDAwLCJ1cGRhdGUiOjEyMDAwMDAwMDAwMH19",
          "dependencies": [
            "module.vpc.aws_internet_gateway.this",
            "module.vpc.aws_route_table.public",
            "module.vpc.aws_subnet.public",
            "module.vpc.aws_vpc.this"
          ]
        },
        {
          "index_key": 1,
          "schema_version": 0,
          "attributes": {
            "gateway_id": "",
            "id": "rtbassoc-0bbdb998b7ec631ab",
            "route_table_id": "rtb-0051028e58ed37ce0",
            "subnet_id": "subnet-02dca356d8095d6d1",
            "timeouts": null
          },
          "sensitive_attributes": [],
          "private": "eyJlMmJmYjczMC1lY2FhLTExZTYtOGY4OC0zNDM2M2JjN2M0YzAiOnsiY3JlYXRlIjozMDAwMDAwMDAwMDAsImRlbGV0ZSI6MzAwMDAwMDAwMDAwLCJ1cGRhdGUiOjEyMDAwMDAwMDAwMH19",
          "dependencies": [
            "module.vpc.aws_internet_gateway.this",
            "module.vpc.aws_route_table.public",
            "module.vpc.aws_subnet.public",
            "module.vpc.aws_vpc.this"
          ]
        }
      ]
    },
    {
      "module": "module.vpc",
      "mode": "managed",
      "type": "aws_security_group",
      "name": "public_access_sg",
      "provider": "provider[\"registry.terraform.io/hashicorp/aws\"]",
      "instances": [
        {
          "schema_version": 1,
          "attributes": {
            "arn": "arn:aws:ec2:us-west-2:733957082019:security-group/sg-0bf00c485e55ff831",
            "description": "Allow HTTP, HTTPS, and SSH access",
            "egress": [
              {
                "cidr_blocks": [
                  "0.0.0.0/0"
                ],
                "description": "",
                "from_port": 0,
                "ipv6_cidr_blocks": [],
                "prefix_list_ids": [],
                "protocol": "-1",
                "security_groups": [],
                "self": false,
                "to_port": 0
              }
            ],
            "id": "sg-0bf00c485e55ff831",
            "ingress": [
              {
                "cidr_blocks": [
                  "0.0.0.0/0"
                ],
                "description": "",
                "from_port": 22,
                "ipv6_cidr_blocks": [],
                "prefix_list_ids": [],
                "protocol": "tcp",
                "security_groups": [],
                "self": false,
                "to_port": 22
              },
              {
                "cidr_blocks": [
                  "0.0.0.0/0"
                ],
                "description": "",
                "from_port": 443,
                "ipv6_cidr_blocks": [],
                "prefix_list_ids": [],
                "protocol": "tcp",
                "security_groups": [],
                "self": false,
                "to_port": 443
              },
              {
                "cidr_blocks": [
                  "0.0.0.0/0"
                ],
                "description": "",
                "from_port": 80,
                "ipv6_cidr_blocks": [],
                "prefix_list_ids": [],
                "protocol": "tcp",
                "security_groups": [],
                "self": false,
                "to_port": 80
              }
            ],
            "name": "dev-eks-cluster-public-access-sg",
            "name_prefix": "",
            "owner_id": "733957082019",
            "revoke_rules_on_delete": false,
            "tags": {
              "Environment": "dev",
              "Name": "dev-eks-cluster-public-access-sg",
              "Owner": "dev-team",
              "Project": "eks"
            },
            "tags_all": {
              "Environment": "dev",
              "Name": "dev-eks-cluster-public-access-sg",
              "Owner": "dev-team",
              "Project": "eks"
            },
            "timeouts": null,
            "vpc_id": "vpc-006773a113d5dce45"
          },
          "sensitive_attributes": [],
          "private": "eyJlMmJmYjczMC1lY2FhLTExZTYtOGY4OC0zNDM2M2JjN2M0YzAiOnsiY3JlYXRlIjo2MDAwMDAwMDAwMDAsImRlbGV0ZSI6OTAwMDAwMDAwMDAwfSwic2NoZW1hX3ZlcnNpb24iOiIxIn0=",
          "dependencies": [
            "module.vpc.aws_vpc.this"
          ]
        }
      ]
    },
    {
      "module": "module.vpc",
      "mode": "managed",
      "type": "aws_subnet",
      "name": "public",
      "provider": "provider[\"registry.terraform.io/hashicorp/aws\"]",
      "instances": [
        {
          "index_key": 0,
          "schema_version": 1,
          "attributes": {
            "arn": "arn:aws:ec2:us-west-2:733957082019:subnet/subnet-038527171cd4c2a2a",
            "assign_ipv6_address_on_creation": false,
            "availability_zone": "us-west-2a",
            "availability_zone_id": "usw2-az1",
            "cidr_block": "10.0.1.0/24",
            "customer_owned_ipv4_pool": "",
            "enable_dns64": false,
            "enable_lni_at_device_index": 0,
            "enable_resource_name_dns_a_record_on_launch": false,
            "enable_resource_name_dns_aaaa_record_on_launch": false,
            "id": "subnet-038527171cd4c2a2a",
            "ipv6_cidr_block": "",
            "ipv6_cidr_block_association_id": "",
            "ipv6_native": false,
            "map_customer_owned_ip_on_launch": false,
            "map_public_ip_on_launch": true,
            "outpost_arn": "",
            "owner_id": "733957082019",
            "private_dns_hostname_type_on_launch": "ip-name",
            "tags": {
              "Environment": "dev",
              "Name": "dev-eks-cluster-public-subnet-1",
              "Owner": "dev-team",
              "Project": "eks",
              "kubernetes.io/cluster/dev-eks-cluster": "shared",
              "kubernetes.io/role/elb": "1"
            },
            "tags_all": {
              "Environment": "dev",
              "Name": "dev-eks-cluster-public-subnet-1",
              "Owner": "dev-team",
              "Project": "eks",
              "kubernetes.io/cluster/dev-eks-cluster": "shared",
              "kubernetes.io/role/elb": "1"
            },
            "timeouts": null,
            "vpc_id": "vpc-006773a113d5dce45"
          },
          "sensitive_attributes": [],
          "private": "eyJlMmJmYjczMC1lY2FhLTExZTYtOGY4OC0zNDM2M2JjN2M0YzAiOnsiY3JlYXRlIjo2MDAwMDAwMDAwMDAsImRlbGV0ZSI6MTIwMDAwMDAwMDAwMH0sInNjaGVtYV92ZXJzaW9uIjoiMSJ9",
          "dependencies": [
            "module.vpc.aws_vpc.this"
          ]
        },
        {
          "index_key": 1,
          "schema_version": 1,
          "attributes": {
            "arn": "arn:aws:ec2:us-west-2:733957082019:subnet/subnet-02dca356d8095d6d1",
            "assign_ipv6_address_on_creation": false,
            "availability_zone": "us-west-2b",
            "availability_zone_id": "usw2-az2",
            "cidr_block": "10.0.2.0/24",
            "customer_owned_ipv4_pool": "",
            "enable_dns64": false,
            "enable_lni_at_device_index": 0,
            "enable_resource_name_dns_a_record_on_launch": false,
            "enable_resource_name_dns_aaaa_record_on_launch": false,
            "id": "subnet-02dca356d8095d6d1",
            "ipv6_cidr_block": "",
            "ipv6_cidr_block_association_id": "",
            "ipv6_native": false,
            "map_customer_owned_ip_on_launch": false,
            "map_public_ip_on_launch": true,
            "outpost_arn": "",
            "owner_id": "733957082019",
            "private_dns_hostname_type_on_launch": "ip-name",
            "tags": {
              "Environment": "dev",
              "Name": "dev-eks-cluster-public-subnet-2",
              "Owner": "dev-team",
              "Project": "eks",
              "kubernetes.io/cluster/dev-eks-cluster": "shared",
              "kubernetes.io/role/elb": "1"
            },
            "tags_all": {
              "Environment": "dev",
              "Name": "dev-eks-cluster-public-subnet-2",
              "Owner": "dev-team",
              "Project": "eks",
              "kubernetes.io/cluster/dev-eks-cluster": "shared",
              "kubernetes.io/role/elb": "1"
            },
            "timeouts": null,
            "vpc_id": "vpc-006773a113d5dce45"
          },
          "sensitive_attributes": [],
          "private": "eyJlMmJmYjczMC1lY2FhLTExZTYtOGY4OC0zNDM2M2JjN2M0YzAiOnsiY3JlYXRlIjo2MDAwMDAwMDAwMDAsImRlbGV0ZSI6MTIwMDAwMDAwMDAwMH0sInNjaGVtYV92ZXJzaW9uIjoiMSJ9",
          "dependencies": [
            "module.vpc.aws_vpc.this"
          ]
        }
      ]
    },
    {
      "module": "module.vpc",
      "mode": "managed",
      "type": "aws_vpc",
      "name": "this",
      "provider": "provider[\"registry.terraform.io/hashicorp/aws\"]",
      "instances": [
        {
          "schema_version": 1,
          "attributes": {
            "arn": "arn:aws:ec2:us-west-2:733957082019:vpc/vpc-006773a113d5dce45",
            "assign_generated_ipv6_cidr_block": false,
            "cidr_block": "10.0.0.0/16",
            "default_network_acl_id": "acl-00227484366306602",
            "default_route_table_id": "rtb-0859e0639761acf40",
            "default_security_group_id": "sg-025231541686921bb",
            "dhcp_options_id": "dopt-0c535a9812cf7c03e",
            "enable_dns_hostnames": true,
            "enable_dns_support": true,
            "enable_network_address_usage_metrics": false,
            "id": "vpc-006773a113d5dce45",
            "instance_tenancy": "default",
            "ipv4_ipam_pool_id": null,
            "ipv4_netmask_length": null,
            "ipv6_association_id": "",
            "ipv6_cidr_block": "",
            "ipv6_cidr_block_network_border_group": "",
            "ipv6_ipam_pool_id": "",
            "ipv6_netmask_length": 0,
            "main_route_table_id": "rtb-0859e0639761acf40",
            "owner_id": "733957082019",
            "tags": {
              "Environment": "dev",
              "Name": "dev-eks-cluster-vpc",
              "Owner": "dev-team",
              "Project": "eks"
            },
            "tags_all": {
              "Environment": "dev",
              "Name": "dev-eks-cluster-vpc",
              "Owner": "dev-team",
              "Project": "eks"
            }
          },
          "sensitive_attributes": [],
          "private": "eyJzY2hlbWFfdmVyc2lvbiI6IjEifQ=="
        }
      ]
    }
  ],
  "check_results": null
}
